
Microsoft Visual Studio Solution File, Format Version 12.00
# Visual Studio 14
VisualStudioVersion = 14.0.24720.0
MinimumVisualStudioVersion = 10.0.40219.1
Project("{FAE04EC0-301F-11D3-BF4B-00C04F79EFBC}") = "Admin", "Admin\Admin.csproj", "{04993D2B-005C-42FC-8DF8-815FED2E227B}"
EndProject
Project("{FAE04EC0-301F-11D3-BF4B-00C04F79EFBC}") = "Enter", "Enter\Enter.csproj", "{708E80E0-F2D8-4FAB-AE4A-603C736EC89E}"
EndProject
Project("{FAE04EC0-301F-11D3-BF4B-00C04F79EFBC}") = "Repositories", "Repositories\Repositories.csproj", "{B5C27FA4-8601-4004-A314-25BB22979D76}"
EndProject
Project("{FAE04EC0-301F-11D3-BF4B-00C04F79EFBC}") = "Director", "Director\Director.csproj", "{B632C4AF-7845-4D94-BCF4-315519E4CB13}"
EndProject
Project("{FAE04EC0-301F-11D3-BF4B-00C04F79EFBC}") = "EditForms", "EditForms\EditForms.csproj", "{B7BCE6A5-FD59-4ED4-BC44-9A60F0B07F8E}"
EndProject
Project("{FAE04EC0-301F-11D3-BF4B-00C04F79EFBC}") = "Staff", "Staff\Staff.csproj", "{70A61E2C-B650-4983-A12F-9CB121043C80}"
EndProject
Global
	GlobalSection(SolutionConfigurationPlatforms) = preSolution
		Debug|Any CPU = Debug|Any CPU
		Release|Any CPU = Release|Any CPU
	EndGlobalSection
	GlobalSection(ProjectConfigurationPlatforms) = postSolution
		{04993D2B-005C-42FC-8DF8-815FED2E227B}.Debug|Any CPU.ActiveCfg = Debug|Any CPU
		{04993D2B-005C-42FC-8DF8-815FED2E227B}.Debug|Any CPU.Build.0 = Debug|Any CPU
		{04993D2B-005C-42FC-8DF8-815FED2E227B}.Release|Any CPU.ActiveCfg = Release|Any CPU
		{04993D2B-005C-42FC-8DF8-815FED2E227B}.Release|Any CPU.Build.0 = Release|Any CPU
		{708E80E0-F2D8-4FAB-AE4A-603C736EC89E}.Debug|Any CPU.ActiveCfg = Debug|Any CPU
		{708E80E0-F2D8-4FAB-AE4A-603C736EC89E}.Debug|Any CPU.Build.0 = Debug|Any CPU
		{708E80E0-F2D8-4FAB-AE4A-603C736EC89E}.Release|Any CPU.ActiveCfg = Release|Any CPU
		{708E80E0-F2D8-4FAB-AE4A-603C736EC89E}.Release|Any CPU.Build.0 = Release|Any CPU
		{B5C27FA4-8601-4004-A314-25BB22979D76}.Debug|Any CPU.ActiveCfg = Debug|Any CPU
		{B5C27FA4-8601-4004-A314-25BB22979D76}.Debug|Any CPU.Build.0 = Debug|Any CPU
		{B5C27FA4-8601-4004-A314-25BB22979D76}.Release|Any CPU.ActiveCfg = Release|Any CPU
		{B5C27FA4-8601-4004-A314-25BB22979D76}.Release|Any CPU.Build.0 = Release|Any CPU
		{B632C4AF-7845-4D94-BCF4-315519E4CB13}.Debug|Any CPU.ActiveCfg = Debug|Any CPU
		{B632C4AF-7845-4D94-BCF4-315519E4CB13}.Debug|Any CPU.Build.0 = Debug|Any CPU
		{B632C4AF-7845-4D94-BCF4-315519E4CB13}.Release|Any CPU.ActiveCfg = Release|Any CPU
		{B632C4AF-7845-4D94-BCF4-315519E4CB13}.Release|Any CPU.Build.0 = Release|Any CPU
		{B7BCE6A5-FD59-4ED4-BC44-9A60F0B07F8E}.Debug|Any CPU.ActiveCfg = Debug|Any CPU
		{B7BCE6A5-FD59-4ED4-BC44-9A60F0B07F8E}.Debug|Any CPU.Build.0 = Debug|Any CPU
		{B7BCE6A5-FD59-4ED4-BC44-9A60F0B07F8E}.Release|Any CPU.ActiveCfg = Release|Any CPU
		{B7BCE6A5-FD59-4ED4-BC44-9A60F0B07F8E}.Release|Any CPU.Build.0 = Release|Any CPU
		{70A61E2C-B650-4983-A12F-9CB121043C80}.Debug|Any CPU.ActiveCfg = Debug|Any CPU
		{70A61E2C-B650-4983-A12F-9CB121043C80}.Debug|Any CPU.Build.0 = Debug|Any CPU
		{70A61E2C-B650-4983-A12F-9CB121043C80}.Release|Any CPU.ActiveCfg = Release|Any CPU
		{70A61E2C-B650-4983-A12F-9CB121043C80}.Release|Any CPU.Build.0 = Release|Any CPU
	EndGlobalSection
	GlobalSection(SolutionProperties) = preSolution
		HideSolutionNode = FALSE
	EndGlobalSection
EndGlobal
